schema: '2.0'
stages:
  prepare:
    cmd: python -m mlpipe.prepare
    deps:
    - path: data/kc_house_data.csv
      hash: md5
      md5: b1e7bdf4f3e61792c0979a5697dc7145
      size: 2515206
    - path: mlpipe/features.py
      hash: md5
      md5: 666a13594fcc9c2867921c83e3d11e3f
      size: 1704
    - path: mlpipe/prepare.py
      hash: md5
      md5: 005c1ed0f00b43a7e3ad469d0d98e036
      size: 1069
    - path: para_config.yml
      hash: md5
      md5: bff53d795eafe3d3cbabeeb50320ff55
      size: 1417
    outs:
    - path: data/processed_kc_house_data.csv
      hash: md5
      md5: 3eef8060c9ab2ddacb1ba2a07bce8dcd
      size: 6939227
  train:
    cmd: python -m mlpipe.train --model lightgbm
    deps:
    - path: data/processed_kc_house_data.csv
      hash: md5
      md5: 3eef8060c9ab2ddacb1ba2a07bce8dcd
      size: 6939227
    - path: mlpipe/pipeline.py
      hash: md5
      md5: f450b8fc16e280048f2daa27f9a9587d
      size: 4538
    - path: mlpipe/train.py
      hash: md5
      md5: 17064171c855776f87076b94ce5f415d
      size: 7333
    - path: para_config.yml
      hash: md5
      md5: bff53d795eafe3d3cbabeeb50320ff55
      size: 1417
    outs:
    - path: models/lightgbm_model.joblib
      hash: md5
      md5: c99af020a8c1a18563d8aa29bbf285bb
      size: 600075
  evaluate:
    cmd: python -m mlpipe.evaluate --model lightgbm
    deps:
    - path: data/processed_kc_house_data.csv
      hash: md5
      md5: 3eef8060c9ab2ddacb1ba2a07bce8dcd
      size: 6939227
    - path: mlpipe/evaluate.py
      hash: md5
      md5: 7cbed8fe9cb64a580aa7a8360da064ae
      size: 4575
    - path: models/lightgbm_model.joblib
      hash: md5
      md5: c99af020a8c1a18563d8aa29bbf285bb
      size: 600075
    - path: para_config.yml
      hash: md5
      md5: bff53d795eafe3d3cbabeeb50320ff55
      size: 1417
    outs:
    - path: reports/metrics.json
      hash: md5
      md5: 7803c88ee302858a6fc27adab64f2fa7
      size: 162
    - path: reports/residual_plot_lightgbm.png
      hash: md5
      md5: 3a80432fac61b6c4f1feca17a6f6e895
      size: 55567
